
Microsoft Visual Studio Solution File, Format Version 12.00
# Visual Studio Version 17
VisualStudioVersion = 17.14.36202.13
MinimumVisualStudioVersion = 10.0.40219.1
Project("{2150E333-8FDC-42A3-9474-1A3956D46DE8}") = "1_History_or_Theory", "1_History_or_Theory", "{D1520381-252B-646C-C3B3-88573F3ADA8D}"
	ProjectSection(SolutionItems) = preProject
		8_System_&_Console_intro.md = 8_System_&_Console_intro.md
	EndProjectSection
EndProject
Project("{2150E333-8FDC-42A3-9474-1A3956D46DE8}") = "2_Fundamentals_Concepts", "2_Fundamentals_Concepts", "{6EB51E33-3A0F-068B-A242-904A5B72DE13}"
EndProject
Project("{2150E333-8FDC-42A3-9474-1A3956D46DE8}") = "0_Learning_Plan", "0_Learning_Plan", "{FED78D87-84B7-E8D3-5B29-8712B4BF98D6}"
	ProjectSection(SolutionItems) = preProject
		harsha_course.md = harsha_course.md
		learning_plan.md = learning_plan.md
	EndProjectSection
EndProject
Project("{2150E333-8FDC-42A3-9474-1A3956D46DE8}") = "3_OOPS", "3_OOPS", "{2CD56EC1-C9ED-0396-EB37-B6EDB79A6E55}"
EndProject
Project("{2150E333-8FDC-42A3-9474-1A3956D46DE8}") = "4_Intermediate_Concepts", "4_Intermediate_Concepts", "{D94F0790-6FED-7032-D4ED-9478ECC7F965}"
EndProject
Project("{2150E333-8FDC-42A3-9474-1A3956D46DE8}") = "5_Advanced_Topics", "5_Advanced_Topics", "{54F27CB3-9590-FDF5-48A1-C4C17B4ED244}"
EndProject
Project("{2150E333-8FDC-42A3-9474-1A3956D46DE8}") = "6_The_Ecosystems", "6_The_Ecosystems", "{3AD1D112-0C35-57F1-F443-CCB47AB06A42}"
EndProject
Project("{FAE04EC0-301F-11D3-BF4B-00C04F79EFBC}") = "1_First_Program", "2_Fundamentals_Concepts\1_First_Program\1_First_Program.csproj", "{1FB8EF30-F867-46A8-ADD4-95CF6B2A2CF6}"
EndProject
Project("{FAE04EC0-301F-11D3-BF4B-00C04F79EFBC}") = "2_Variables_&_Data_Types", "2_Fundamentals_Concepts\2_Variables_&_Data_Types\2_Variables_&_Data_Types.csproj", "{B7A7EF54-896A-4380-887A-C8065C8BC2BF}"
EndProject
Project("{FAE04EC0-301F-11D3-BF4B-00C04F79EFBC}") = "3_Operators", "2_Fundamentals_Concepts\3_Operators\3_Operators.csproj", "{397A71DA-9137-44F3-B79D-CC8720E0D282}"
EndProject
Project("{FAE04EC0-301F-11D3-BF4B-00C04F79EFBC}") = "4_Conditions", "2_Fundamentals_Concepts\4_Conditions\4_Conditions.csproj", "{01898386-77B1-4FAF-A1FE-D0C9D5E82023}"
EndProject
Project("{FAE04EC0-301F-11D3-BF4B-00C04F79EFBC}") = "5_Loops", "2_Fundamentals_Concepts\5_Loops\5_Loops.csproj", "{3DAC43C0-220A-4031-82D3-F950F26192E6}"
EndProject
Project("{FAE04EC0-301F-11D3-BF4B-00C04F79EFBC}") = "1_OOP_Basics", "3_OOPS\1_OOP_Basics\1_OOP_Basics.csproj", "{4FC8A7AC-7761-487B-A04E-9B6E8227B1FF}"
EndProject
Project("{FAE04EC0-301F-11D3-BF4B-00C04F79EFBC}") = "2_Fields", "3_OOPS\2_Fields\2_Fields.csproj", "{31D52C66-8ABC-459C-B556-AAEAAB4A9160}"
EndProject
Project("{FAE04EC0-301F-11D3-BF4B-00C04F79EFBC}") = "3_Method", "3_OOPS\3_Method\3_Method.csproj", "{44067E16-100F-4F5B-A881-C767528A6884}"
EndProject
Project("{FAE04EC0-301F-11D3-BF4B-00C04F79EFBC}") = "4_Pillars_Of_OOP", "3_OOPS\4_Pillars_Of_OOP\4_Pillars_Of_OOP.csproj", "{45E69F52-2D81-461F-A2D9-07B2AD0D2560}"
EndProject
Project("{FAE04EC0-301F-11D3-BF4B-00C04F79EFBC}") = "1_Type_Conversion", "4_Intermediate_Concepts\1_Type_Conversion\1_Type_Conversion.csproj", "{05614E88-5939-494A-A154-AA238A4A724E}"
EndProject
Project("{FAE04EC0-301F-11D3-BF4B-00C04F79EFBC}") = "5_Constructors", "3_OOPS\5_Constructors\5_Constructors.csproj", "{B027133D-C5A0-489E-8FA4-78202B70053F}"
EndProject
Global
	GlobalSection(SolutionConfigurationPlatforms) = preSolution
		Debug|Any CPU = Debug|Any CPU
		Debug|x64 = Debug|x64
		Debug|x86 = Debug|x86
		Release|Any CPU = Release|Any CPU
		Release|x64 = Release|x64
		Release|x86 = Release|x86
	EndGlobalSection
	GlobalSection(ProjectConfigurationPlatforms) = postSolution
		{1FB8EF30-F867-46A8-ADD4-95CF6B2A2CF6}.Debug|Any CPU.ActiveCfg = Debug|Any CPU
		{1FB8EF30-F867-46A8-ADD4-95CF6B2A2CF6}.Debug|Any CPU.Build.0 = Debug|Any CPU
		{1FB8EF30-F867-46A8-ADD4-95CF6B2A2CF6}.Debug|x64.ActiveCfg = Debug|Any CPU
		{1FB8EF30-F867-46A8-ADD4-95CF6B2A2CF6}.Debug|x64.Build.0 = Debug|Any CPU
		{1FB8EF30-F867-46A8-ADD4-95CF6B2A2CF6}.Debug|x86.ActiveCfg = Debug|Any CPU
		{1FB8EF30-F867-46A8-ADD4-95CF6B2A2CF6}.Debug|x86.Build.0 = Debug|Any CPU
		{1FB8EF30-F867-46A8-ADD4-95CF6B2A2CF6}.Release|Any CPU.ActiveCfg = Release|Any CPU
		{1FB8EF30-F867-46A8-ADD4-95CF6B2A2CF6}.Release|Any CPU.Build.0 = Release|Any CPU
		{1FB8EF30-F867-46A8-ADD4-95CF6B2A2CF6}.Release|x64.ActiveCfg = Release|Any CPU
		{1FB8EF30-F867-46A8-ADD4-95CF6B2A2CF6}.Release|x64.Build.0 = Release|Any CPU
		{1FB8EF30-F867-46A8-ADD4-95CF6B2A2CF6}.Release|x86.ActiveCfg = Release|Any CPU
		{1FB8EF30-F867-46A8-ADD4-95CF6B2A2CF6}.Release|x86.Build.0 = Release|Any CPU
		{B7A7EF54-896A-4380-887A-C8065C8BC2BF}.Debug|Any CPU.ActiveCfg = Debug|Any CPU
		{B7A7EF54-896A-4380-887A-C8065C8BC2BF}.Debug|Any CPU.Build.0 = Debug|Any CPU
		{B7A7EF54-896A-4380-887A-C8065C8BC2BF}.Debug|x64.ActiveCfg = Debug|Any CPU
		{B7A7EF54-896A-4380-887A-C8065C8BC2BF}.Debug|x64.Build.0 = Debug|Any CPU
		{B7A7EF54-896A-4380-887A-C8065C8BC2BF}.Debug|x86.ActiveCfg = Debug|Any CPU
		{B7A7EF54-896A-4380-887A-C8065C8BC2BF}.Debug|x86.Build.0 = Debug|Any CPU
		{B7A7EF54-896A-4380-887A-C8065C8BC2BF}.Release|Any CPU.ActiveCfg = Release|Any CPU
		{B7A7EF54-896A-4380-887A-C8065C8BC2BF}.Release|Any CPU.Build.0 = Release|Any CPU
		{B7A7EF54-896A-4380-887A-C8065C8BC2BF}.Release|x64.ActiveCfg = Release|Any CPU
		{B7A7EF54-896A-4380-887A-C8065C8BC2BF}.Release|x64.Build.0 = Release|Any CPU
		{B7A7EF54-896A-4380-887A-C8065C8BC2BF}.Release|x86.ActiveCfg = Release|Any CPU
		{B7A7EF54-896A-4380-887A-C8065C8BC2BF}.Release|x86.Build.0 = Release|Any CPU
		{397A71DA-9137-44F3-B79D-CC8720E0D282}.Debug|Any CPU.ActiveCfg = Debug|Any CPU
		{397A71DA-9137-44F3-B79D-CC8720E0D282}.Debug|Any CPU.Build.0 = Debug|Any CPU
		{397A71DA-9137-44F3-B79D-CC8720E0D282}.Debug|x64.ActiveCfg = Debug|Any CPU
		{397A71DA-9137-44F3-B79D-CC8720E0D282}.Debug|x64.Build.0 = Debug|Any CPU
		{397A71DA-9137-44F3-B79D-CC8720E0D282}.Debug|x86.ActiveCfg = Debug|Any CPU
		{397A71DA-9137-44F3-B79D-CC8720E0D282}.Debug|x86.Build.0 = Debug|Any CPU
		{397A71DA-9137-44F3-B79D-CC8720E0D282}.Release|Any CPU.ActiveCfg = Release|Any CPU
		{397A71DA-9137-44F3-B79D-CC8720E0D282}.Release|Any CPU.Build.0 = Release|Any CPU
		{397A71DA-9137-44F3-B79D-CC8720E0D282}.Release|x64.ActiveCfg = Release|Any CPU
		{397A71DA-9137-44F3-B79D-CC8720E0D282}.Release|x64.Build.0 = Release|Any CPU
		{397A71DA-9137-44F3-B79D-CC8720E0D282}.Release|x86.ActiveCfg = Release|Any CPU
		{397A71DA-9137-44F3-B79D-CC8720E0D282}.Release|x86.Build.0 = Release|Any CPU
		{01898386-77B1-4FAF-A1FE-D0C9D5E82023}.Debug|Any CPU.ActiveCfg = Debug|Any CPU
		{01898386-77B1-4FAF-A1FE-D0C9D5E82023}.Debug|Any CPU.Build.0 = Debug|Any CPU
		{01898386-77B1-4FAF-A1FE-D0C9D5E82023}.Debug|x64.ActiveCfg = Debug|Any CPU
		{01898386-77B1-4FAF-A1FE-D0C9D5E82023}.Debug|x64.Build.0 = Debug|Any CPU
		{01898386-77B1-4FAF-A1FE-D0C9D5E82023}.Debug|x86.ActiveCfg = Debug|Any CPU
		{01898386-77B1-4FAF-A1FE-D0C9D5E82023}.Debug|x86.Build.0 = Debug|Any CPU
		{01898386-77B1-4FAF-A1FE-D0C9D5E82023}.Release|Any CPU.ActiveCfg = Release|Any CPU
		{01898386-77B1-4FAF-A1FE-D0C9D5E82023}.Release|Any CPU.Build.0 = Release|Any CPU
		{01898386-77B1-4FAF-A1FE-D0C9D5E82023}.Release|x64.ActiveCfg = Release|Any CPU
		{01898386-77B1-4FAF-A1FE-D0C9D5E82023}.Release|x64.Build.0 = Release|Any CPU
		{01898386-77B1-4FAF-A1FE-D0C9D5E82023}.Release|x86.ActiveCfg = Release|Any CPU
		{01898386-77B1-4FAF-A1FE-D0C9D5E82023}.Release|x86.Build.0 = Release|Any CPU
		{3DAC43C0-220A-4031-82D3-F950F26192E6}.Debug|Any CPU.ActiveCfg = Debug|Any CPU
		{3DAC43C0-220A-4031-82D3-F950F26192E6}.Debug|Any CPU.Build.0 = Debug|Any CPU
		{3DAC43C0-220A-4031-82D3-F950F26192E6}.Debug|x64.ActiveCfg = Debug|Any CPU
		{3DAC43C0-220A-4031-82D3-F950F26192E6}.Debug|x64.Build.0 = Debug|Any CPU
		{3DAC43C0-220A-4031-82D3-F950F26192E6}.Debug|x86.ActiveCfg = Debug|Any CPU
		{3DAC43C0-220A-4031-82D3-F950F26192E6}.Debug|x86.Build.0 = Debug|Any CPU
		{3DAC43C0-220A-4031-82D3-F950F26192E6}.Release|Any CPU.ActiveCfg = Release|Any CPU
		{3DAC43C0-220A-4031-82D3-F950F26192E6}.Release|Any CPU.Build.0 = Release|Any CPU
		{3DAC43C0-220A-4031-82D3-F950F26192E6}.Release|x64.ActiveCfg = Release|Any CPU
		{3DAC43C0-220A-4031-82D3-F950F26192E6}.Release|x64.Build.0 = Release|Any CPU
		{3DAC43C0-220A-4031-82D3-F950F26192E6}.Release|x86.ActiveCfg = Release|Any CPU
		{3DAC43C0-220A-4031-82D3-F950F26192E6}.Release|x86.Build.0 = Release|Any CPU
		{4FC8A7AC-7761-487B-A04E-9B6E8227B1FF}.Debug|Any CPU.ActiveCfg = Debug|Any CPU
		{4FC8A7AC-7761-487B-A04E-9B6E8227B1FF}.Debug|Any CPU.Build.0 = Debug|Any CPU
		{4FC8A7AC-7761-487B-A04E-9B6E8227B1FF}.Debug|x64.ActiveCfg = Debug|Any CPU
		{4FC8A7AC-7761-487B-A04E-9B6E8227B1FF}.Debug|x64.Build.0 = Debug|Any CPU
		{4FC8A7AC-7761-487B-A04E-9B6E8227B1FF}.Debug|x86.ActiveCfg = Debug|Any CPU
		{4FC8A7AC-7761-487B-A04E-9B6E8227B1FF}.Debug|x86.Build.0 = Debug|Any CPU
		{4FC8A7AC-7761-487B-A04E-9B6E8227B1FF}.Release|Any CPU.ActiveCfg = Release|Any CPU
		{4FC8A7AC-7761-487B-A04E-9B6E8227B1FF}.Release|Any CPU.Build.0 = Release|Any CPU
		{4FC8A7AC-7761-487B-A04E-9B6E8227B1FF}.Release|x64.ActiveCfg = Release|Any CPU
		{4FC8A7AC-7761-487B-A04E-9B6E8227B1FF}.Release|x64.Build.0 = Release|Any CPU
		{4FC8A7AC-7761-487B-A04E-9B6E8227B1FF}.Release|x86.ActiveCfg = Release|Any CPU
		{4FC8A7AC-7761-487B-A04E-9B6E8227B1FF}.Release|x86.Build.0 = Release|Any CPU
		{31D52C66-8ABC-459C-B556-AAEAAB4A9160}.Debug|Any CPU.ActiveCfg = Debug|Any CPU
		{31D52C66-8ABC-459C-B556-AAEAAB4A9160}.Debug|Any CPU.Build.0 = Debug|Any CPU
		{31D52C66-8ABC-459C-B556-AAEAAB4A9160}.Debug|x64.ActiveCfg = Debug|Any CPU
		{31D52C66-8ABC-459C-B556-AAEAAB4A9160}.Debug|x64.Build.0 = Debug|Any CPU
		{31D52C66-8ABC-459C-B556-AAEAAB4A9160}.Debug|x86.ActiveCfg = Debug|Any CPU
		{31D52C66-8ABC-459C-B556-AAEAAB4A9160}.Debug|x86.Build.0 = Debug|Any CPU
		{31D52C66-8ABC-459C-B556-AAEAAB4A9160}.Release|Any CPU.ActiveCfg = Release|Any CPU
		{31D52C66-8ABC-459C-B556-AAEAAB4A9160}.Release|Any CPU.Build.0 = Release|Any CPU
		{31D52C66-8ABC-459C-B556-AAEAAB4A9160}.Release|x64.ActiveCfg = Release|Any CPU
		{31D52C66-8ABC-459C-B556-AAEAAB4A9160}.Release|x64.Build.0 = Release|Any CPU
		{31D52C66-8ABC-459C-B556-AAEAAB4A9160}.Release|x86.ActiveCfg = Release|Any CPU
		{31D52C66-8ABC-459C-B556-AAEAAB4A9160}.Release|x86.Build.0 = Release|Any CPU
		{44067E16-100F-4F5B-A881-C767528A6884}.Debug|Any CPU.ActiveCfg = Debug|Any CPU
		{44067E16-100F-4F5B-A881-C767528A6884}.Debug|Any CPU.Build.0 = Debug|Any CPU
		{44067E16-100F-4F5B-A881-C767528A6884}.Debug|x64.ActiveCfg = Debug|Any CPU
		{44067E16-100F-4F5B-A881-C767528A6884}.Debug|x64.Build.0 = Debug|Any CPU
		{44067E16-100F-4F5B-A881-C767528A6884}.Debug|x86.ActiveCfg = Debug|Any CPU
		{44067E16-100F-4F5B-A881-C767528A6884}.Debug|x86.Build.0 = Debug|Any CPU
		{44067E16-100F-4F5B-A881-C767528A6884}.Release|Any CPU.ActiveCfg = Release|Any CPU
		{44067E16-100F-4F5B-A881-C767528A6884}.Release|Any CPU.Build.0 = Release|Any CPU
		{44067E16-100F-4F5B-A881-C767528A6884}.Release|x64.ActiveCfg = Release|Any CPU
		{44067E16-100F-4F5B-A881-C767528A6884}.Release|x64.Build.0 = Release|Any CPU
		{44067E16-100F-4F5B-A881-C767528A6884}.Release|x86.ActiveCfg = Release|Any CPU
		{44067E16-100F-4F5B-A881-C767528A6884}.Release|x86.Build.0 = Release|Any CPU
		{45E69F52-2D81-461F-A2D9-07B2AD0D2560}.Debug|Any CPU.ActiveCfg = Debug|Any CPU
		{45E69F52-2D81-461F-A2D9-07B2AD0D2560}.Debug|Any CPU.Build.0 = Debug|Any CPU
		{45E69F52-2D81-461F-A2D9-07B2AD0D2560}.Debug|x64.ActiveCfg = Debug|Any CPU
		{45E69F52-2D81-461F-A2D9-07B2AD0D2560}.Debug|x64.Build.0 = Debug|Any CPU
		{45E69F52-2D81-461F-A2D9-07B2AD0D2560}.Debug|x86.ActiveCfg = Debug|Any CPU
		{45E69F52-2D81-461F-A2D9-07B2AD0D2560}.Debug|x86.Build.0 = Debug|Any CPU
		{45E69F52-2D81-461F-A2D9-07B2AD0D2560}.Release|Any CPU.ActiveCfg = Release|Any CPU
		{45E69F52-2D81-461F-A2D9-07B2AD0D2560}.Release|Any CPU.Build.0 = Release|Any CPU
		{45E69F52-2D81-461F-A2D9-07B2AD0D2560}.Release|x64.ActiveCfg = Release|Any CPU
		{45E69F52-2D81-461F-A2D9-07B2AD0D2560}.Release|x64.Build.0 = Release|Any CPU
		{45E69F52-2D81-461F-A2D9-07B2AD0D2560}.Release|x86.ActiveCfg = Release|Any CPU
		{45E69F52-2D81-461F-A2D9-07B2AD0D2560}.Release|x86.Build.0 = Release|Any CPU
		{05614E88-5939-494A-A154-AA238A4A724E}.Debug|Any CPU.ActiveCfg = Debug|Any CPU
		{05614E88-5939-494A-A154-AA238A4A724E}.Debug|Any CPU.Build.0 = Debug|Any CPU
		{05614E88-5939-494A-A154-AA238A4A724E}.Debug|x64.ActiveCfg = Debug|Any CPU
		{05614E88-5939-494A-A154-AA238A4A724E}.Debug|x64.Build.0 = Debug|Any CPU
		{05614E88-5939-494A-A154-AA238A4A724E}.Debug|x86.ActiveCfg = Debug|Any CPU
		{05614E88-5939-494A-A154-AA238A4A724E}.Debug|x86.Build.0 = Debug|Any CPU
		{05614E88-5939-494A-A154-AA238A4A724E}.Release|Any CPU.ActiveCfg = Release|Any CPU
		{05614E88-5939-494A-A154-AA238A4A724E}.Release|Any CPU.Build.0 = Release|Any CPU
		{05614E88-5939-494A-A154-AA238A4A724E}.Release|x64.ActiveCfg = Release|Any CPU
		{05614E88-5939-494A-A154-AA238A4A724E}.Release|x64.Build.0 = Release|Any CPU
		{05614E88-5939-494A-A154-AA238A4A724E}.Release|x86.ActiveCfg = Release|Any CPU
		{05614E88-5939-494A-A154-AA238A4A724E}.Release|x86.Build.0 = Release|Any CPU
		{B027133D-C5A0-489E-8FA4-78202B70053F}.Debug|Any CPU.ActiveCfg = Debug|Any CPU
		{B027133D-C5A0-489E-8FA4-78202B70053F}.Debug|Any CPU.Build.0 = Debug|Any CPU
		{B027133D-C5A0-489E-8FA4-78202B70053F}.Debug|x64.ActiveCfg = Debug|Any CPU
		{B027133D-C5A0-489E-8FA4-78202B70053F}.Debug|x64.Build.0 = Debug|Any CPU
		{B027133D-C5A0-489E-8FA4-78202B70053F}.Debug|x86.ActiveCfg = Debug|Any CPU
		{B027133D-C5A0-489E-8FA4-78202B70053F}.Debug|x86.Build.0 = Debug|Any CPU
		{B027133D-C5A0-489E-8FA4-78202B70053F}.Release|Any CPU.ActiveCfg = Release|Any CPU
		{B027133D-C5A0-489E-8FA4-78202B70053F}.Release|Any CPU.Build.0 = Release|Any CPU
		{B027133D-C5A0-489E-8FA4-78202B70053F}.Release|x64.ActiveCfg = Release|Any CPU
		{B027133D-C5A0-489E-8FA4-78202B70053F}.Release|x64.Build.0 = Release|Any CPU
		{B027133D-C5A0-489E-8FA4-78202B70053F}.Release|x86.ActiveCfg = Release|Any CPU
		{B027133D-C5A0-489E-8FA4-78202B70053F}.Release|x86.Build.0 = Release|Any CPU
	EndGlobalSection
	GlobalSection(SolutionProperties) = preSolution
		HideSolutionNode = FALSE
	EndGlobalSection
	GlobalSection(NestedProjects) = preSolution
		{1FB8EF30-F867-46A8-ADD4-95CF6B2A2CF6} = {6EB51E33-3A0F-068B-A242-904A5B72DE13}
		{B7A7EF54-896A-4380-887A-C8065C8BC2BF} = {6EB51E33-3A0F-068B-A242-904A5B72DE13}
		{397A71DA-9137-44F3-B79D-CC8720E0D282} = {6EB51E33-3A0F-068B-A242-904A5B72DE13}
		{01898386-77B1-4FAF-A1FE-D0C9D5E82023} = {6EB51E33-3A0F-068B-A242-904A5B72DE13}
		{3DAC43C0-220A-4031-82D3-F950F26192E6} = {6EB51E33-3A0F-068B-A242-904A5B72DE13}
		{4FC8A7AC-7761-487B-A04E-9B6E8227B1FF} = {2CD56EC1-C9ED-0396-EB37-B6EDB79A6E55}
		{31D52C66-8ABC-459C-B556-AAEAAB4A9160} = {2CD56EC1-C9ED-0396-EB37-B6EDB79A6E55}
		{44067E16-100F-4F5B-A881-C767528A6884} = {2CD56EC1-C9ED-0396-EB37-B6EDB79A6E55}
		{45E69F52-2D81-461F-A2D9-07B2AD0D2560} = {2CD56EC1-C9ED-0396-EB37-B6EDB79A6E55}
		{05614E88-5939-494A-A154-AA238A4A724E} = {D94F0790-6FED-7032-D4ED-9478ECC7F965}
		{B027133D-C5A0-489E-8FA4-78202B70053F} = {2CD56EC1-C9ED-0396-EB37-B6EDB79A6E55}
	EndGlobalSection
	GlobalSection(ExtensibilityGlobals) = postSolution
		SolutionGuid = {663D7B38-62C9-4074-A407-4C5FEED5AB47}
	EndGlobalSection
EndGlobal
